{
  "version": 4,
  "terraform_version": "1.11.4",
  "serial": 2,
  "lineage": "00cace19-6a12-fe03-4e35-0809e6cd82f8",
  "outputs": {},
  "resources": [
    {
      "mode": "managed",
      "type": "aws_key_pair",
      "name": "main_key",
      "provider": "provider[\"registry.terraform.io/hashicorp/aws\"]",
      "instances": [
        {
          "schema_version": 1,
          "attributes": {
            "arn": "arn:aws:ec2:eu-north-1:537108027546:key-pair/access-key",
            "fingerprint": "68:c4:90:29:20:d5:3f:9e:63:ff:c9:59:b1:6e:b7:3b",
            "id": "access-key",
            "key_name": "access-key",
            "key_name_prefix": "",
            "key_pair_id": "key-05e01d78de3f8975d",
            "key_type": "rsa",
            "public_key": "ssh-rsa AAAAB3NzaC1yc2EAAAADAQABAAABAQDM0a08XcI6zKbE/gqHbCHdTVErkMHjLkwb9zvcbaJjGl1qjpm1yP7P+Tq4Vpgk6duvNRd+qd5weEegf4BpqdfTtlKHkPIUlPilO7EBmXkFokADvixqxUGwMcn9NVh9cXfmUzh14A+1C7Zuw7RZFSEN6o/tVLPo8n5MhJpeJxJuV9ZHUMkYlx2VuK57vL2XhgNpz+2cJvmQBEIRlBG4V9EGZ0V2sCgJLKMOM0ZqBahaE2S3rwUkGO2eCUaxhHZ548wEQkzICFC3GNxC9cPYTWAHsk1VnKUvoKFI7J1Gxt8fKAxd3RoXfhUE7NYKwg4yh++6/cXUiVINKjYL+9Z5stWZ",
            "tags": {},
            "tags_all": {}
          },
          "sensitive_attributes": [],
          "private": "eyJzY2hlbWFfdmVyc2lvbiI6IjEifQ=="
        }
      ]
    }
  ],
  "check_results": null
}
